{
  "version": 4,
  "terraform_version": "1.5.7",
  "serial": 250,
  "lineage": "1f5292d6-8e64-9274-af56-182ad1ee3e63",
  "outputs": {
    "bucket_regional_domain_name": {
      "value": "skkuding-dh-s3-tf.s3.ap-northeast-2.amazonaws.com",
      "type": "string"
    },
    "website_endpoint": {
      "value": "skkuding-dh-s3-tf.s3-website.ap-northeast-2.amazonaws.com",
      "type": "string"
    }
  },
  "resources": [
    {
      "mode": "managed",
      "type": "aws_cloudfront_origin_access_control",
      "name": "OAC",
      "provider": "provider[\"registry.terraform.io/hashicorp/aws\"]",
      "instances": [
        {
          "schema_version": 0,
          "attributes": {
            "description": "Example Policy",
            "etag": "ETVPDKIKX0DER",
            "id": "E1MC5TPNHJB8BE",
            "name": "skkuding-dh-s3-tf.s3.ap-northeast-2.amazonaws.com",
            "origin_access_control_origin_type": "s3",
            "signing_behavior": "always",
            "signing_protocol": "sigv4"
          },
          "sensitive_attributes": [],
          "private": "bnVsbA==",
          "dependencies": [
            "aws_s3_bucket.skkuding-s3"
          ]
        }
      ]
    },
    {
      "mode": "managed",
      "type": "aws_s3_bucket",
      "name": "skkuding-s3",
      "provider": "provider[\"registry.terraform.io/hashicorp/aws\"]",
      "instances": [
        {
          "schema_version": 0,
          "attributes": {
            "acceleration_status": "",
            "acl": null,
            "arn": "arn:aws:s3:::skkuding-dh-s3-tf",
            "bucket": "skkuding-dh-s3-tf",
            "bucket_domain_name": "skkuding-dh-s3-tf.s3.amazonaws.com",
            "bucket_prefix": "",
            "bucket_regional_domain_name": "skkuding-dh-s3-tf.s3.ap-northeast-2.amazonaws.com",
            "cors_rule": [],
            "force_destroy": false,
            "grant": [
              {
                "id": "b09250eed501b1719cafe9eab70677a4292f87ce34a1e722e131c941f8cb3e55",
                "permissions": [
                  "FULL_CONTROL"
                ],
                "type": "CanonicalUser",
                "uri": ""
              }
            ],
            "hosted_zone_id": "Z3W03O7B5YMIYP",
            "id": "skkuding-dh-s3-tf",
            "lifecycle_rule": [],
            "logging": [],
            "object_lock_configuration": [],
            "object_lock_enabled": false,
            "policy": "{\"Id\":\"PolicyForCloudFrontPrivateContent\",\"Statement\":[{\"Action\":\"s3:GetObject\",\"Effect\":\"Allow\",\"Principal\":\"*\",\"Resource\":\"arn:aws:s3:::skkuding-dh-s3-tf/*\",\"Sid\":\"PublicReadGetObject\"}],\"Version\":\"2008-10-17\"}",
            "region": "ap-northeast-2",
            "replication_configuration": [],
            "request_payer": "BucketOwner",
            "server_side_encryption_configuration": [
              {
                "rule": [
                  {
                    "apply_server_side_encryption_by_default": [
                      {
                        "kms_master_key_id": "",
                        "sse_algorithm": "AES256"
                      }
                    ],
                    "bucket_key_enabled": false
                  }
                ]
              }
            ],
            "tags": {},
            "tags_all": {},
            "timeouts": null,
            "versioning": [
              {
                "enabled": false,
                "mfa_delete": false
              }
            ],
            "website": [
              {
                "error_document": "",
                "index_document": "index.html",
                "redirect_all_requests_to": "",
                "routing_rules": ""
              }
            ],
            "website_domain": "s3-website.ap-northeast-2.amazonaws.com",
            "website_endpoint": "skkuding-dh-s3-tf.s3-website.ap-northeast-2.amazonaws.com"
          },
          "sensitive_attributes": [],
          "private": "eyJlMmJmYjczMC1lY2FhLTExZTYtOGY4OC0zNDM2M2JjN2M0YzAiOnsiY3JlYXRlIjoxMjAwMDAwMDAwMDAwLCJkZWxldGUiOjM2MDAwMDAwMDAwMDAsInJlYWQiOjEyMDAwMDAwMDAwMDAsInVwZGF0ZSI6MTIwMDAwMDAwMDAwMH19"
        }
      ]
    },
    {
      "mode": "managed",
      "type": "aws_s3_bucket_policy",
      "name": "s3-bucket-policy",
      "provider": "provider[\"registry.terraform.io/hashicorp/aws\"]",
      "instances": [
        {
          "schema_version": 0,
          "attributes": {
            "bucket": "skkuding-dh-s3-tf",
            "id": "skkuding-dh-s3-tf",
            "policy": "{\"Id\":\"PolicyForCloudFrontPrivateContent\",\"Statement\":[{\"Action\":\"s3:GetObject\",\"Effect\":\"Allow\",\"Principal\":\"*\",\"Resource\":\"arn:aws:s3:::skkuding-dh-s3-tf/*\",\"Sid\":\"PublicReadGetObject\"}],\"Version\":\"2008-10-17\"}"
          },
          "sensitive_attributes": [],
          "private": "bnVsbA==",
          "dependencies": [
            "aws_s3_bucket.skkuding-s3",
            "aws_s3_bucket_public_access_block.s3-public-access"
          ]
        }
      ]
    },
    {
      "mode": "managed",
      "type": "aws_s3_bucket_public_access_block",
      "name": "s3-public-access",
      "provider": "provider[\"registry.terraform.io/hashicorp/aws\"]",
      "instances": [
        {
          "schema_version": 0,
          "attributes": {
            "block_public_acls": false,
            "block_public_policy": false,
            "bucket": "skkuding-dh-s3-tf",
            "id": "skkuding-dh-s3-tf",
            "ignore_public_acls": false,
            "restrict_public_buckets": false
          },
          "sensitive_attributes": [],
          "private": "bnVsbA==",
          "dependencies": [
            "aws_s3_bucket.skkuding-s3"
          ]
        }
      ]
    },
    {
      "mode": "managed",
      "type": "aws_s3_bucket_website_configuration",
      "name": "static-web-hosting",
      "provider": "provider[\"registry.terraform.io/hashicorp/aws\"]",
      "instances": [
        {
          "schema_version": 0,
          "attributes": {
            "bucket": "skkuding-dh-s3-tf",
            "error_document": [],
            "expected_bucket_owner": "",
            "id": "skkuding-dh-s3-tf",
            "index_document": [
              {
                "suffix": "index.html"
              }
            ],
            "redirect_all_requests_to": [],
            "routing_rule": [],
            "routing_rules": "",
            "website_domain": "s3-website.ap-northeast-2.amazonaws.com",
            "website_endpoint": "skkuding-dh-s3-tf.s3-website.ap-northeast-2.amazonaws.com"
          },
          "sensitive_attributes": [],
          "private": "bnVsbA==",
          "dependencies": [
            "aws_s3_bucket.skkuding-s3"
          ]
        }
      ]
    },
    {
      "mode": "managed",
      "type": "aws_s3_object",
      "name": "files",
      "provider": "provider[\"registry.terraform.io/hashicorp/aws\"]",
      "instances": [
        {
          "index_key": "index.html",
          "schema_version": 0,
          "attributes": {
            "acl": null,
            "arn": "arn:aws:s3:::skkuding-dh-s3-tf/index.html",
            "bucket": "skkuding-dh-s3-tf",
            "bucket_key_enabled": false,
            "cache_control": "",
            "checksum_algorithm": null,
            "checksum_crc32": "",
            "checksum_crc32c": "",
            "checksum_sha1": "",
            "checksum_sha256": "",
            "content": null,
            "content_base64": null,
            "content_disposition": "",
            "content_encoding": "",
            "content_language": "",
            "content_type": "text/html",
            "etag": "1381fed5e54a8b400349d0e6bf4c605f",
            "force_destroy": false,
            "id": "index.html",
            "key": "index.html",
            "kms_key_id": null,
            "metadata": {},
            "object_lock_legal_hold_status": "",
            "object_lock_mode": "",
            "object_lock_retain_until_date": "",
            "override_provider": [],
            "server_side_encryption": "AES256",
            "source": "./contents/index.html",
            "source_hash": null,
            "storage_class": "STANDARD",
            "tags": {},
            "tags_all": {},
            "version_id": "",
            "website_redirect": ""
          },
          "sensitive_attributes": [],
          "private": "bnVsbA==",
          "dependencies": [
            "aws_s3_bucket.skkuding-s3"
          ]
        },
        {
          "index_key": "script.js",
          "schema_version": 0,
          "attributes": {
            "acl": null,
            "arn": "arn:aws:s3:::skkuding-dh-s3-tf/script.js",
            "bucket": "skkuding-dh-s3-tf",
            "bucket_key_enabled": false,
            "cache_control": "",
            "checksum_algorithm": null,
            "checksum_crc32": "",
            "checksum_crc32c": "",
            "checksum_sha1": "",
            "checksum_sha256": "",
            "content": null,
            "content_base64": null,
            "content_disposition": "",
            "content_encoding": "",
            "content_language": "",
            "content_type": "application/javascript",
            "etag": "b2cea1b2e0b0dae1a189dfe3835562a9",
            "force_destroy": false,
            "id": "script.js",
            "key": "script.js",
            "kms_key_id": null,
            "metadata": {},
            "object_lock_legal_hold_status": "",
            "object_lock_mode": "",
            "object_lock_retain_until_date": "",
            "override_provider": [],
            "server_side_encryption": "AES256",
            "source": "./contents/script.js",
            "source_hash": null,
            "storage_class": "STANDARD",
            "tags": {},
            "tags_all": {},
            "version_id": "",
            "website_redirect": ""
          },
          "sensitive_attributes": [],
          "private": "bnVsbA==",
          "dependencies": [
            "aws_s3_bucket.skkuding-s3"
          ]
        },
        {
          "index_key": "style.css",
          "schema_version": 0,
          "attributes": {
            "acl": null,
            "arn": "arn:aws:s3:::skkuding-dh-s3-tf/style.css",
            "bucket": "skkuding-dh-s3-tf",
            "bucket_key_enabled": false,
            "cache_control": "",
            "checksum_algorithm": null,
            "checksum_crc32": "",
            "checksum_crc32c": "",
            "checksum_sha1": "",
            "checksum_sha256": "",
            "content": null,
            "content_base64": null,
            "content_disposition": "",
            "content_encoding": "",
            "content_language": "",
            "content_type": "text/css",
            "etag": "ec9ba6035ee3fdf0ebb282f1dfe8bcec",
            "force_destroy": false,
            "id": "style.css",
            "key": "style.css",
            "kms_key_id": null,
            "metadata": {},
            "object_lock_legal_hold_status": "",
            "object_lock_mode": "",
            "object_lock_retain_until_date": "",
            "override_provider": [],
            "server_side_encryption": "AES256",
            "source": "./contents/style.css",
            "source_hash": null,
            "storage_class": "STANDARD",
            "tags": {},
            "tags_all": {},
            "version_id": "",
            "website_redirect": ""
          },
          "sensitive_attributes": [],
          "private": "bnVsbA==",
          "dependencies": [
            "aws_s3_bucket.skkuding-s3"
          ]
        }
      ]
    }
  ],
  "check_results": null
}
